
Microsoft Visual Studio Solution File, Format Version 12.00
# Visual Studio Version 16
VisualStudioVersion = 16.0.32929.386
MinimumVisualStudioVersion = 10.0.40219.1
Project("{FAE04EC0-301F-11D3-BF4B-00C04F79EFBC}") = "T02P02FileManager", "T02P02FileManager.csproj", "{205B178A-F18E-41E3-B253-5356F7F201EE}"
EndProject
Global
	GlobalSection(SolutionConfigurationPlatforms) = preSolution
		Debug|Any CPU = Debug|Any CPU
		Release|Any CPU = Release|Any CPU
	EndGlobalSection
	GlobalSection(ProjectConfigurationPlatforms) = postSolution
		{205B178A-F18E-41E3-B253-5356F7F201EE}.Debug|Any CPU.ActiveCfg = Debug|Any CPU
		{205B178A-F18E-41E3-B253-5356F7F201EE}.Debug|Any CPU.Build.0 = Debug|Any CPU
		{205B178A-F18E-41E3-B253-5356F7F201EE}.Release|Any CPU.ActiveCfg = Release|Any CPU
		{205B178A-F18E-41E3-B253-5356F7F201EE}.Release|Any CPU.Build.0 = Release|Any CPU
	EndGlobalSection
	GlobalSection(SolutionProperties) = preSolution
		HideSolutionNode = FALSE
	EndGlobalSection
	GlobalSection(ExtensibilityGlobals) = postSolution
		SolutionGuid = {18D04853-FAC5-4ADF-AD30-76BE1F8E8195}
	EndGlobalSection
EndGlobal
