
Microsoft Visual Studio Solution File, Format Version 12.00
# Visual Studio Version 17
VisualStudioVersion = 17.5.002.0
MinimumVisualStudioVersion = 10.0.40219.1
Project("{9A19103F-16F7-4668-BE54-9A1E7A4F7556}") = "T03C02PLINQ", "T03C02PLINQ.csproj", "{32F8490F-EC47-43E1-B8BE-19E48E11043D}"
EndProject
Global
	GlobalSection(SolutionConfigurationPlatforms) = preSolution
		Debug|Any CPU = Debug|Any CPU
		Release|Any CPU = Release|Any CPU
	EndGlobalSection
	GlobalSection(ProjectConfigurationPlatforms) = postSolution
		{32F8490F-EC47-43E1-B8BE-19E48E11043D}.Debug|Any CPU.ActiveCfg = Debug|Any CPU
		{32F8490F-EC47-43E1-B8BE-19E48E11043D}.Debug|Any CPU.Build.0 = Debug|Any CPU
		{32F8490F-EC47-43E1-B8BE-19E48E11043D}.Release|Any CPU.ActiveCfg = Release|Any CPU
		{32F8490F-EC47-43E1-B8BE-19E48E11043D}.Release|Any CPU.Build.0 = Release|Any CPU
	EndGlobalSection
	GlobalSection(SolutionProperties) = preSolution
		HideSolutionNode = FALSE
	EndGlobalSection
	GlobalSection(ExtensibilityGlobals) = postSolution
		SolutionGuid = {AAC32748-3C93-4A67-888E-83AF15C3564C}
	EndGlobalSection
EndGlobal
